{
  "name": "res-compress",
  "version": "0.0.1",
  "lockfileVersion": 3,
  "requires": true,
  "packages": {
    "": {
      "name": "res-compress",
      "version": "0.0.1",
      "dependencies": {
        "is-jpg": "^2.0.0",
        "is-png": "^2.0.0"
      },
      "devDependencies": {
        "json-obfuscator": "^2.0.2"
      }
    },
    "node_modules/is-jpg": {
      "version": "2.0.0",
      "resolved": "https://npm.wemomo.com/is-jpg/-/is-jpg-2.0.0.tgz",
      "integrity": "sha1-LhmX+m6RZuqsAkLarkQ0A+TvHZc=",
      "license": "MIT",
      "engines": {
        "node": ">=6"
      }
    },
    "node_modules/is-png": {
      "version": "2.0.0",
      "resolved": "https://npm.wemomo.com/is-png/-/is-png-2.0.0.tgz",
      "integrity": "sha1-7oy8npsFBCXO3utKb7dKZJsKSo0=",
      "license": "MIT",
      "engines": {
        "node": ">=8"
      }
    },
    "node_modules/json-obfuscator": {
      "version": "2.0.2",
      "resolved": "https://npm.wemomo.com/json-obfuscator/-/json-obfuscator-2.0.2.tgz",
      "integrity": "sha512-qV87wo4OQi8AkMzOoGhJP/jj4HBFodPKB4zmiloMYrYwXeLBfTe6ebpsK5lZMWx7yPnS4POt6rFcIR/E40im3Q==",
      "dev": true,
      "license": "AGPL-3.0-or-later"
    }
  }
}
